Microsoft Visual Studio Solution File, Format Version 12.00
# Visual Studio Version 17
VisualStudioVersion = 17.5.2.0
MinimumVisualStudioVersion = 10.0.40219.1
Project("{FAE04EC0-301F-11D3-BF4B-00C04F79EFBC}") = "EcoPulse.Api", "EcoPulse.Api.csproj", "{FCAAF0B5-392C-C6E7-292B-F2356D399B80}"
EndProject
Global
	GlobalSection(SolutionConfigurationPlatforms) = preSolution
		Debug|Any CPU = Debug|Any CPU
		Release|Any CPU = Release|Any CPU
	EndGlobalSection
	GlobalSection(ProjectConfigurationPlatforms) = postSolution
		{FCAAF0B5-392C-C6E7-292B-F2356D399B80}.Debug|Any CPU.ActiveCfg = Debug|Any CPU
		{FCAAF0B5-392C-C6E7-292B-F2356D399B80}.Debug|Any CPU.Build.0 = Debug|Any CPU
		{FCAAF0B5-392C-C6E7-292B-F2356D399B80}.Release|Any CPU.ActiveCfg = Release|Any CPU
		{FCAAF0B5-392C-C6E7-292B-F2356D399B80}.Release|Any CPU.Build.0 = Release|Any CPU
	EndGlobalSection
	GlobalSection(SolutionProperties) = preSolution
		HideSolutionNode = FALSE
	EndGlobalSection
	GlobalSection(ExtensibilityGlobals) = postSolution
		SolutionGuid = {DB11A292-F72F-4B09-911E-D01C45350CE2}
	EndGlobalSection
EndGlobal
